PODS:
  - CMDQueryStringSerialization (0.2.0)
  - Expecta (1.0.0)
  - Nocilla (0.9.0)
  - OCMock (2.2.4)
  - Specta (1.0.0)
  - SSKeychain (1.2.3)
  - VENCore (3.1.1):
    - CMDQueryStringSerialization (~> 0.2.0)

DEPENDENCIES:
  - CMDQueryStringSerialization (~> 0.2.0)
  - Expecta
  - Nocilla
  - OCMock (~> 2.2.4)
  - Specta
  - SSKeychain (~> 1.2.3)
  - VENCore (~> 3.1.1)

SPEC CHECKSUMS:
  CMDQueryStringSerialization: 15f9004212bbc72533bb533f63df79d90a00a7d8
  Expecta: 32604574add2c46a36f8d2f716b6c5736eb75024
  Nocilla: d7d96e8a11e363f0d7c976d48b320c43d61fb471
  OCMock: a6a7dc0e3997fb9f35d99f72528698ebf60d64f2
  Specta: 96fe05fe5c7348b5223f85e862904f6e832abb14
  SSKeychain: 3f42991739c6c60a9cf1bbd4dff6c0d3694bcf3d
  VENCore: fb44651f466971a2f3585b7e4e5a13c1641da9bf

COCOAPODS: 0.38.2
