PODS:
  - AFNetworking (2.3.1):
    - AFNetworking/NSURLConnection
    - AFNetworking/NSURLSession
    - AFNetworking/Reachability
    - AFNetworking/Security
    - AFNetworking/Serialization
    - AFNetworking/UIKit
  - AFNetworking/NSURLConnection (2.3.1):
    - AFNetworking/Reachability
    - AFNetworking/Security
    - AFNetworking/Serialization
  - AFNetworking/NSURLSession (2.3.1):
    - AFNetworking/Reachability
    - AFNetworking/Security
    - AFNetworking/Serialization
  - AFNetworking/Reachability (2.3.1)
  - AFNetworking/Security (2.3.1)
  - AFNetworking/Serialization (2.3.1)
  - AFNetworking/UIKit (2.3.1):
    - AFNetworking/NSURLConnection
    - AFNetworking/NSURLSession
  - Expecta (0.3.0)
  - Nocilla (0.8.1)
  - OCMock (2.2.4)
  - Specta (0.2.1)
  - SSKeychain (1.2.2)
  - VENCore (1.0.0):
    - AFNetworking

DEPENDENCIES:
  - Expecta
  - Nocilla
  - OCMock
  - Specta
  - SSKeychain
  - VENCore (~> 1.0.0)

SPEC CHECKSUMS:
  AFNetworking: 6d7b76aa5d04c8c37daad3eef4b7e3f2a7620da3
  Expecta: ce8a51b9fad15a2cd573b291cb2909aaed865350
  Nocilla: e573c2bf9113c8d77782b695a2f9362b7bc44e72
  OCMock: 6db79185520e24f9f299548f2b8b07e41d881bd5
  Specta: 9141310f46b1f68b676650ff2854e1ed0b74163a
  SSKeychain: cc48bd3ad24fcd9125adb9e0d23dd50b8bbd08b9
  VENCore: 68c2a95f558823ad5895e740a2f8206f856efef8

COCOAPODS: 0.33.1
