<?xml version="1.0" encoding="UTF-8"?>
<!DOCTYPE plist PUBLIC "-//Apple//DTD PLIST 1.0//EN" "http://www.apple.com/DTDs/PropertyList-1.0.dtd">
<plist version="1.0">
<dict>
	<key>archiveVersion</key>
	<string>1</string>
	<key>classes</key>
	<dict/>
	<key>objectVersion</key>
	<string>46</string>
	<key>objects</key>
	<dict>
		<key>010A2E8BB60DB52F767A080E</key>
		<dict>
			<key>includeInIndex</key>
			<string>1</string>
			<key>isa</key>
			<string>PBXFileReference</string>
			<key>lastKnownFileType</key>
			<string>text.xcconfig</string>
			<key>name</key>
			<string>Pods-venmo-sdk.release.xcconfig</string>
			<key>path</key>
			<string>Pods/Target Support Files/Pods-venmo-sdk/Pods-venmo-sdk.release.xcconfig</string>
			<key>sourceTree</key>
			<string>&lt;group&gt;</string>
		</dict>
		<key>020A57C6B0154594BF8419A0</key>
		<dict>
			<key>explicitFileType</key>
			<string>archive.ar</string>
			<key>includeInIndex</key>
			<string>0</string>
			<key>isa</key>
			<string>PBXFileReference</string>
			<key>path</key>
			<string>libPods-venmo-sdk-integration-specs.a</string>
			<key>sourceTree</key>
			<string>BUILT_PRODUCTS_DIR</string>
		</dict>
		<key>02B9C8A7933940B9AA4B47C3</key>
		<dict>
			<key>buildActionMask</key>
			<string>2147483647</string>
			<key>files</key>
			<array/>
			<key>inputPaths</key>
			<array/>
			<key>isa</key>
			<string>PBXShellScriptBuildPhase</string>
			<key>name</key>
			<string>Check Pods Manifest.lock</string>
			<key>outputPaths</key>
			<array/>
			<key>runOnlyForDeploymentPostprocessing</key>
			<string>0</string>
			<key>shellPath</key>
			<string>/bin/sh</string>
			<key>shellScript</key>
			<string>diff "${PODS_ROOT}/../Podfile.lock" "${PODS_ROOT}/Manifest.lock" &gt; /dev/null
if [[ $? != 0 ]] ; then
    cat &lt;&lt; EOM
error: The sandbox is not in sync with the Podfile.lock. Run 'pod install' or update your CocoaPods installation.
EOM
    exit 1
fi
</string>
			<key>showEnvVarsInLog</key>
			<string>0</string>
		</dict>
		<key>082371A92E1C47C78ECD9347</key>
		<dict>
			<key>explicitFileType</key>
			<string>archive.ar</string>
			<key>includeInIndex</key>
			<string>0</string>
			<key>isa</key>
			<string>PBXFileReference</string>
			<key>path</key>
			<string>libPods-venmo-sdk.a</string>
			<key>sourceTree</key>
			<string>BUILT_PRODUCTS_DIR</string>
		</dict>
		<key>16887B22588FF23AEC28452A</key>
		<dict>
			<key>includeInIndex</key>
			<string>1</string>
			<key>isa</key>
			<string>PBXFileReference</string>
			<key>lastKnownFileType</key>
			<string>text.xcconfig</string>
			<key>name</key>
			<string>Pods-venmo-sdk-integration-specs.release.xcconfig</string>
			<key>path</key>
			<string>Pods/Target Support Files/Pods-venmo-sdk-integration-specs/Pods-venmo-sdk-integration-specs.release.xcconfig</string>
			<key>sourceTree</key>
			<string>&lt;group&gt;</string>
		</dict>
		<key>16BF5F70A4E8E9A6803DD1D0</key>
		<dict>
			<key>includeInIndex</key>
			<string>1</string>
			<key>isa</key>
			<string>PBXFileReference</string>
			<key>lastKnownFileType</key>
			<string>text.xcconfig</string>
			<key>name</key>
			<string>Pods-venmo-sdk-specs.debug.xcconfig</string>
			<key>path</key>
			<string>Pods/Target Support Files/Pods-venmo-sdk-specs/Pods-venmo-sdk-specs.debug.xcconfig</string>
			<key>sourceTree</key>
			<string>&lt;group&gt;</string>
		</dict>
		<key>23232A941FA24C3AA273F793</key>
		<dict>
			<key>buildActionMask</key>
			<string>2147483647</string>
			<key>files</key>
			<array/>
			<key>inputPaths</key>
			<array/>
			<key>isa</key>
			<string>PBXShellScriptBuildPhase</string>
			<key>name</key>
			<string>Check Pods Manifest.lock</string>
			<key>outputPaths</key>
			<array/>
			<key>runOnlyForDeploymentPostprocessing</key>
			<string>0</string>
			<key>shellPath</key>
			<string>/bin/sh</string>
			<key>shellScript</key>
			<string>diff "${PODS_ROOT}/../Podfile.lock" "${PODS_ROOT}/Manifest.lock" &gt; /dev/null
if [[ $? != 0 ]] ; then
    cat &lt;&lt; EOM
error: The sandbox is not in sync with the Podfile.lock. Run 'pod install' or update your CocoaPods installation.
EOM
    exit 1
fi
</string>
			<key>showEnvVarsInLog</key>
			<string>0</string>
		</dict>
		<key>24049C45B4F873A410D5E4D2</key>
		<dict>
			<key>includeInIndex</key>
			<string>1</string>
			<key>isa</key>
			<string>PBXFileReference</string>
			<key>lastKnownFileType</key>
			<string>text.xcconfig</string>
			<key>name</key>
			<string>Pods-venmo-sdk.debug.xcconfig</string>
			<key>path</key>
			<string>Pods/Target Support Files/Pods-venmo-sdk/Pods-venmo-sdk.debug.xcconfig</string>
			<key>sourceTree</key>
			<string>&lt;group&gt;</string>
		</dict>
		<key>2D5EF53917EF41B100DDD15A</key>
		<dict>
			<key>children</key>
			<array>
				<string>2D5EF54717EF41B100DDD15A</string>
				<string>2D5EF55B17EF41B100DDD15A</string>
				<string>EB49E22E19266E0D008EA5DC</string>
				<string>2D5EF54417EF41B100DDD15A</string>
				<string>2D5EF54317EF41B100DDD15A</string>
				<string>D5BBE5DA60FD85BFB316C136</string>
			</array>
			<key>isa</key>
			<string>PBXGroup</string>
			<key>sourceTree</key>
			<string>&lt;group&gt;</string>
		</dict>
		<key>2D5EF53A17EF41B100DDD15A</key>
		<dict>
			<key>attributes</key>
			<dict>
				<key>CLASSPREFIX</key>
				<string>VDK</string>
				<key>LastUpgradeCheck</key>
				<string>0500</string>
				<key>ORGANIZATIONNAME</key>
				<string>Venmo</string>
				<key>TargetAttributes</key>
				<dict>
					<key>EB49E22919266E0D008EA5DC</key>
					<dict>
						<key>TestTargetID</key>
						<string>2D5EF54117EF41B100DDD15A</string>
					</dict>
				</dict>
			</dict>
			<key>buildConfigurationList</key>
			<string>2D5EF53D17EF41B100DDD15A</string>
			<key>compatibilityVersion</key>
			<string>Xcode 3.2</string>
			<key>developmentRegion</key>
			<string>English</string>
			<key>hasScannedForEncodings</key>
			<string>0</string>
			<key>isa</key>
			<string>PBXProject</string>
			<key>knownRegions</key>
			<array>
				<string>en</string>
			</array>
			<key>mainGroup</key>
			<string>2D5EF53917EF41B100DDD15A</string>
			<key>productRefGroup</key>
			<string>2D5EF54317EF41B100DDD15A</string>
			<key>projectDirPath</key>
			<string></string>
			<key>projectReferences</key>
			<array/>
			<key>projectRoot</key>
			<string></string>
			<key>targets</key>
			<array>
				<string>2D5EF54117EF41B100DDD15A</string>
				<string>2D5EF55117EF41B100DDD15A</string>
				<string>EB49E22919266E0D008EA5DC</string>
			</array>
		</dict>
		<key>2D5EF53D17EF41B100DDD15A</key>
		<dict>
			<key>buildConfigurations</key>
			<array>
				<string>2D5EF56317EF41B100DDD15A</string>
				<string>2D5EF56417EF41B100DDD15A</string>
			</array>
			<key>defaultConfigurationIsVisible</key>
			<string>0</string>
			<key>defaultConfigurationName</key>
			<string>Release</string>
			<key>isa</key>
			<string>XCConfigurationList</string>
		</dict>
		<key>2D5EF53E17EF41B100DDD15A</key>
		<dict>
			<key>buildActionMask</key>
			<string>2147483647</string>
			<key>files</key>
			<array>
				<string>B63E18F318EB2AB30006BD3E</string>
				<string>EBC005BD1912E129009E12C0</string>
				<string>B63E18FB18EB2B900006BD3E</string>
				<string>B62D59C118973F2C001E46A4</string>
				<string>B63E190B18EB2C610006BD3E</string>
				<string>B63E191318EB2C6E0006BD3E</string>
				<string>B63E190918EB2C610006BD3E</string>
				<string>B62D59BD18973D71001E46A4</string>
				<string>B63E191118EB2C6E0006BD3E</string>
				<string>B63E18FF18EB2BB80006BD3E</string>
				<string>EBEAB6A7190ACA4700BA6322</string>
				<string>B6570AB3189711FD00351EDF</string>
				<string>B657433B1897390200AFB89D</string>
				<string>B63E190718EB2C610006BD3E</string>
				<string>B65743351897390200AFB89D</string>
			</array>
			<key>isa</key>
			<string>PBXSourcesBuildPhase</string>
			<key>runOnlyForDeploymentPostprocessing</key>
			<string>0</string>
		</dict>
		<key>2D5EF53F17EF41B100DDD15A</key>
		<dict>
			<key>buildActionMask</key>
			<string>2147483647</string>
			<key>files</key>
			<array>
				<string>2D5EF5B517EF450E00DDD15A</string>
				<string>2D5EF54617EF41B100DDD15A</string>
				<string>87A767D50D5E4EEEBE39F5F9</string>
			</array>
			<key>isa</key>
			<string>PBXFrameworksBuildPhase</string>
			<key>runOnlyForDeploymentPostprocessing</key>
			<string>0</string>
		</dict>
		<key>2D5EF54017EF41B100DDD15A</key>
		<dict>
			<key>buildActionMask</key>
			<string>2147483647</string>
			<key>dstPath</key>
			<string>include/$(PRODUCT_NAME)</string>
			<key>dstSubfolderSpec</key>
			<string>16</string>
			<key>files</key>
			<array/>
			<key>isa</key>
			<string>PBXCopyFilesBuildPhase</string>
			<key>name</key>
			<string>Copy Files</string>
			<key>runOnlyForDeploymentPostprocessing</key>
			<string>0</string>
		</dict>
		<key>2D5EF54117EF41B100DDD15A</key>
		<dict>
			<key>buildConfigurationList</key>
			<string>2D5EF56517EF41B100DDD15A</string>
			<key>buildPhases</key>
			<array>
				<string>23232A941FA24C3AA273F793</string>
				<string>2D5EF53E17EF41B100DDD15A</string>
				<string>2D5EF53F17EF41B100DDD15A</string>
				<string>2D5EF56C17EF42BE00DDD15A</string>
				<string>2D5EF54017EF41B100DDD15A</string>
				<string>2D5EF56E17EF43E900DDD15A</string>
				<string>DE6D91AACFAC48D88923B97F</string>
			</array>
			<key>buildRules</key>
			<array/>
			<key>dependencies</key>
			<array/>
			<key>isa</key>
			<string>PBXNativeTarget</string>
			<key>name</key>
			<string>venmo-sdk</string>
			<key>productName</key>
			<string>Venmo</string>
			<key>productReference</key>
			<string>2D5EF54217EF41B100DDD15A</string>
			<key>productType</key>
			<string>com.apple.product-type.library.static</string>
		</dict>
		<key>2D5EF54217EF41B100DDD15A</key>
		<dict>
			<key>explicitFileType</key>
			<string>archive.ar</string>
			<key>includeInIndex</key>
			<string>0</string>
			<key>isa</key>
			<string>PBXFileReference</string>
			<key>path</key>
			<string>libvenmo-sdk.a</string>
			<key>sourceTree</key>
			<string>BUILT_PRODUCTS_DIR</string>
		</dict>
		<key>2D5EF54317EF41B100DDD15A</key>
		<dict>
			<key>children</key>
			<array>
				<string>2D5EF54217EF41B100DDD15A</string>
				<string>2D5EF55217EF41B100DDD15A</string>
				<string>EB49E22A19266E0D008EA5DC</string>
			</array>
			<key>isa</key>
			<string>PBXGroup</string>
			<key>name</key>
			<string>Products</string>
			<key>sourceTree</key>
			<string>&lt;group&gt;</string>
		</dict>
		<key>2D5EF54417EF41B100DDD15A</key>
		<dict>
			<key>children</key>
			<array>
				<string>2D5EF5B417EF450E00DDD15A</string>
				<string>2D5EF54517EF41B100DDD15A</string>
				<string>2D5EF55317EF41B100DDD15A</string>
				<string>082371A92E1C47C78ECD9347</string>
				<string>020A57C6B0154594BF8419A0</string>
				<string>BD7F84232DAE4570A88D6563</string>
			</array>
			<key>isa</key>
			<string>PBXGroup</string>
			<key>name</key>
			<string>Frameworks</string>
			<key>sourceTree</key>
			<string>&lt;group&gt;</string>
		</dict>
		<key>2D5EF54517EF41B100DDD15A</key>
		<dict>
			<key>isa</key>
			<string>PBXFileReference</string>
			<key>lastKnownFileType</key>
			<string>wrapper.framework</string>
			<key>name</key>
			<string>Foundation.framework</string>
			<key>path</key>
			<string>System/Library/Frameworks/Foundation.framework</string>
			<key>sourceTree</key>
			<string>SDKROOT</string>
		</dict>
		<key>2D5EF54617EF41B100DDD15A</key>
		<dict>
			<key>fileRef</key>
			<string>2D5EF54517EF41B100DDD15A</string>
			<key>isa</key>
			<string>PBXBuildFile</string>
		</dict>
		<key>2D5EF54717EF41B100DDD15A</key>
		<dict>
			<key>children</key>
			<array>
				<string>B6570AB0189711FD00351EDF</string>
				<string>B6570AB1189711FD00351EDF</string>
				<string>B657431F1897390200AFB89D</string>
				<string>B657433F1897394E00AFB89D</string>
				<string>B6F5045D18E38C2600BDACF7</string>
				<string>B62D59B918973D71001E46A4</string>
				<string>2D5EF54817EF41B100DDD15A</string>
			</array>
			<key>isa</key>
			<string>PBXGroup</string>
			<key>path</key>
			<string>venmo-sdk</string>
			<key>sourceTree</key>
			<string>&lt;group&gt;</string>
		</dict>
		<key>2D5EF54817EF41B100DDD15A</key>
		<dict>
			<key>children</key>
			<array>
				<string>B6570B0D1897194200351EDF</string>
				<string>B611893918A188AE0041AF50</string>
				<string>B63E18FC18EB2BB80006BD3E</string>
				<string>B63E18FD18EB2BB80006BD3E</string>
			</array>
			<key>isa</key>
			<string>PBXGroup</string>
			<key>path</key>
			<string>Supporting Files</string>
			<key>sourceTree</key>
			<string>&lt;group&gt;</string>
		</dict>
		<key>2D5EF54E17EF41B100DDD15A</key>
		<dict>
			<key>buildActionMask</key>
			<string>2147483647</string>
			<key>files</key>
			<array>
				<string>B6F5046718E38C2600BDACF7</string>
				<string>B6F5046618E38C2600BDACF7</string>
				<string>B64A63D218ABFDA00091A465</string>
				<string>EBDCA6DE1911859900FDD5ED</string>
				<string>B6588AF118A02E1000A0C73B</string>
				<string>EB3499BA190AF8D400C74EAA</string>
				<string>B6588AFA18A0554200A0C73B</string>
			</array>
			<key>isa</key>
			<string>PBXSourcesBuildPhase</string>
			<key>runOnlyForDeploymentPostprocessing</key>
			<string>0</string>
		</dict>
		<key>2D5EF54F17EF41B100DDD15A</key>
		<dict>
			<key>buildActionMask</key>
			<string>2147483647</string>
			<key>files</key>
			<array>
				<string>2D5EF55A17EF41B100DDD15A</string>
				<string>2D5EF55517EF41B100DDD15A</string>
				<string>921DC61111444CB8B90C8D6F</string>
			</array>
			<key>isa</key>
			<string>PBXFrameworksBuildPhase</string>
			<key>runOnlyForDeploymentPostprocessing</key>
			<string>0</string>
		</dict>
		<key>2D5EF55017EF41B100DDD15A</key>
		<dict>
			<key>buildActionMask</key>
			<string>2147483647</string>
			<key>files</key>
			<array>
				<string>2D5EF56017EF41B100DDD15A</string>
			</array>
			<key>isa</key>
			<string>PBXResourcesBuildPhase</string>
			<key>runOnlyForDeploymentPostprocessing</key>
			<string>0</string>
		</dict>
		<key>2D5EF55117EF41B100DDD15A</key>
		<dict>
			<key>buildConfigurationList</key>
			<string>2D5EF56817EF41B100DDD15A</string>
			<key>buildPhases</key>
			<array>
				<string>02B9C8A7933940B9AA4B47C3</string>
				<string>2D5EF54E17EF41B100DDD15A</string>
				<string>2D5EF54F17EF41B100DDD15A</string>
				<string>2D5EF55017EF41B100DDD15A</string>
				<string>7A82EA011A484C00981291B6</string>
			</array>
			<key>buildRules</key>
			<array/>
			<key>dependencies</key>
			<array>
				<string>2D5EF55917EF41B100DDD15A</string>
			</array>
			<key>isa</key>
			<string>PBXNativeTarget</string>
			<key>name</key>
			<string>venmo-sdk-specs</string>
			<key>productName</key>
			<string>VenmoTests</string>
			<key>productReference</key>
			<string>2D5EF55217EF41B100DDD15A</string>
			<key>productType</key>
			<string>com.apple.product-type.bundle.unit-test</string>
		</dict>
		<key>2D5EF55217EF41B100DDD15A</key>
		<dict>
			<key>explicitFileType</key>
			<string>wrapper.cfbundle</string>
			<key>includeInIndex</key>
			<string>0</string>
			<key>isa</key>
			<string>PBXFileReference</string>
			<key>path</key>
			<string>venmo-sdk-specs.xctest</string>
			<key>sourceTree</key>
			<string>BUILT_PRODUCTS_DIR</string>
		</dict>
		<key>2D5EF55317EF41B100DDD15A</key>
		<dict>
			<key>isa</key>
			<string>PBXFileReference</string>
			<key>lastKnownFileType</key>
			<string>wrapper.framework</string>
			<key>name</key>
			<string>XCTest.framework</string>
			<key>path</key>
			<string>Library/Frameworks/XCTest.framework</string>
			<key>sourceTree</key>
			<string>DEVELOPER_DIR</string>
		</dict>
		<key>2D5EF55517EF41B100DDD15A</key>
		<dict>
			<key>fileRef</key>
			<string>2D5EF54517EF41B100DDD15A</string>
			<key>isa</key>
			<string>PBXBuildFile</string>
		</dict>
		<key>2D5EF55817EF41B100DDD15A</key>
		<dict>
			<key>containerPortal</key>
			<string>2D5EF53A17EF41B100DDD15A</string>
			<key>isa</key>
			<string>PBXContainerItemProxy</string>
			<key>proxyType</key>
			<string>1</string>
			<key>remoteGlobalIDString</key>
			<string>2D5EF54117EF41B100DDD15A</string>
			<key>remoteInfo</key>
			<string>Venmo</string>
		</dict>
		<key>2D5EF55917EF41B100DDD15A</key>
		<dict>
			<key>isa</key>
			<string>PBXTargetDependency</string>
			<key>target</key>
			<string>2D5EF54117EF41B100DDD15A</string>
			<key>targetProxy</key>
			<string>2D5EF55817EF41B100DDD15A</string>
		</dict>
		<key>2D5EF55A17EF41B100DDD15A</key>
		<dict>
			<key>fileRef</key>
			<string>2D5EF54217EF41B100DDD15A</string>
			<key>isa</key>
			<string>PBXBuildFile</string>
		</dict>
		<key>2D5EF55B17EF41B100DDD15A</key>
		<dict>
			<key>children</key>
			<array>
				<string>B6588AF918A0554200A0C73B</string>
				<string>B611893B18A189800041AF50</string>
				<string>B6B810A918A1842B00FD8955</string>
				<string>B6588AEF18A02D8400A0C73B</string>
				<string>EBDCA6DD1911859900FDD5ED</string>
				<string>2D5EF55C17EF41B100DDD15A</string>
			</array>
			<key>isa</key>
			<string>PBXGroup</string>
			<key>path</key>
			<string>venmo-sdk-specs</string>
			<key>sourceTree</key>
			<string>&lt;group&gt;</string>
		</dict>
		<key>2D5EF55C17EF41B100DDD15A</key>
		<dict>
			<key>children</key>
			<array>
				<string>EB3499BB190AF91500C74EAA</string>
				<string>2D5EF55D17EF41B100DDD15A</string>
				<string>2D5EF55E17EF41B100DDD15A</string>
			</array>
			<key>isa</key>
			<string>PBXGroup</string>
			<key>name</key>
			<string>Supporting Files</string>
			<key>sourceTree</key>
			<string>&lt;group&gt;</string>
		</dict>
		<key>2D5EF55D17EF41B100DDD15A</key>
		<dict>
			<key>isa</key>
			<string>PBXFileReference</string>
			<key>lastKnownFileType</key>
			<string>text.plist.xml</string>
			<key>name</key>
			<string>venmo-sdk-specs-Info.plist</string>
			<key>path</key>
			<string>Supporting Files/venmo-sdk-specs-Info.plist</string>
			<key>sourceTree</key>
			<string>&lt;group&gt;</string>
		</dict>
		<key>2D5EF55E17EF41B100DDD15A</key>
		<dict>
			<key>children</key>
			<array>
				<string>2D5EF55F17EF41B100DDD15A</string>
			</array>
			<key>isa</key>
			<string>PBXVariantGroup</string>
			<key>name</key>
			<string>InfoPlist.strings</string>
			<key>sourceTree</key>
			<string>&lt;group&gt;</string>
		</dict>
		<key>2D5EF55F17EF41B100DDD15A</key>
		<dict>
			<key>isa</key>
			<string>PBXFileReference</string>
			<key>lastKnownFileType</key>
			<string>text.plist.strings</string>
			<key>name</key>
			<string>en</string>
			<key>path</key>
			<string>en.lproj/InfoPlist.strings</string>
			<key>sourceTree</key>
			<string>&lt;group&gt;</string>
		</dict>
		<key>2D5EF56017EF41B100DDD15A</key>
		<dict>
			<key>fileRef</key>
			<string>2D5EF55E17EF41B100DDD15A</string>
			<key>isa</key>
			<string>PBXBuildFile</string>
		</dict>
		<key>2D5EF56317EF41B100DDD15A</key>
		<dict>
			<key>buildSettings</key>
			<dict>
				<key>ALWAYS_SEARCH_USER_PATHS</key>
				<string>NO</string>
				<key>CLANG_CXX_LANGUAGE_STANDARD</key>
				<string>gnu++0x</string>
				<key>CLANG_CXX_LIBRARY</key>
				<string>libc++</string>
				<key>CLANG_ENABLE_MODULES</key>
				<string>YES</string>
				<key>CLANG_ENABLE_OBJC_ARC</key>
				<string>YES</string>
				<key>CLANG_WARN_BOOL_CONVERSION</key>
				<string>YES</string>
				<key>CLANG_WARN_CONSTANT_CONVERSION</key>
				<string>YES</string>
				<key>CLANG_WARN_DIRECT_OBJC_ISA_USAGE</key>
				<string>YES_ERROR</string>
				<key>CLANG_WARN_EMPTY_BODY</key>
				<string>YES</string>
				<key>CLANG_WARN_ENUM_CONVERSION</key>
				<string>YES</string>
				<key>CLANG_WARN_INT_CONVERSION</key>
				<string>YES</string>
				<key>CLANG_WARN_OBJC_ROOT_CLASS</key>
				<string>YES_ERROR</string>
				<key>CLANG_WARN__DUPLICATE_METHOD_MATCH</key>
				<string>YES</string>
				<key>COPY_PHASE_STRIP</key>
				<string>NO</string>
				<key>DEAD_CODE_STRIPPING</key>
				<string>NO</string>
				<key>GCC_C_LANGUAGE_STANDARD</key>
				<string>gnu99</string>
				<key>GCC_DYNAMIC_NO_PIC</key>
				<string>NO</string>
				<key>GCC_OPTIMIZATION_LEVEL</key>
				<string>0</string>
				<key>GCC_PREPROCESSOR_DEFINITIONS</key>
				<array>
					<string>DEBUG=1</string>
					<string>$(inherited)</string>
				</array>
				<key>GCC_SYMBOLS_PRIVATE_EXTERN</key>
				<string>NO</string>
				<key>GCC_WARN_64_TO_32_BIT_CONVERSION</key>
				<string>YES</string>
				<key>GCC_WARN_ABOUT_RETURN_TYPE</key>
				<string>YES_ERROR</string>
				<key>GCC_WARN_UNDECLARED_SELECTOR</key>
				<string>YES</string>
				<key>GCC_WARN_UNINITIALIZED_AUTOS</key>
				<string>YES</string>
				<key>GCC_WARN_UNUSED_FUNCTION</key>
				<string>YES</string>
				<key>GCC_WARN_UNUSED_VARIABLE</key>
				<string>YES</string>
				<key>IPHONEOS_DEPLOYMENT_TARGET</key>
				<string>6.1</string>
				<key>ONLY_ACTIVE_ARCH</key>
				<string>YES</string>
				<key>PUBLIC_HEADERS_FOLDER_PATH</key>
				<string>$(PROJECT_NAME)Headers</string>
				<key>SDKROOT</key>
				<string>iphoneos</string>
				<key>STRIP_STYLE</key>
				<string>non-global</string>
			</dict>
			<key>isa</key>
			<string>XCBuildConfiguration</string>
			<key>name</key>
			<string>Debug</string>
		</dict>
		<key>2D5EF56417EF41B100DDD15A</key>
		<dict>
			<key>buildSettings</key>
			<dict>
				<key>ALWAYS_SEARCH_USER_PATHS</key>
				<string>NO</string>
				<key>CLANG_CXX_LANGUAGE_STANDARD</key>
				<string>gnu++0x</string>
				<key>CLANG_CXX_LIBRARY</key>
				<string>libc++</string>
				<key>CLANG_ENABLE_MODULES</key>
				<string>YES</string>
				<key>CLANG_ENABLE_OBJC_ARC</key>
				<string>YES</string>
				<key>CLANG_WARN_BOOL_CONVERSION</key>
				<string>YES</string>
				<key>CLANG_WARN_CONSTANT_CONVERSION</key>
				<string>YES</string>
				<key>CLANG_WARN_DIRECT_OBJC_ISA_USAGE</key>
				<string>YES_ERROR</string>
				<key>CLANG_WARN_EMPTY_BODY</key>
				<string>YES</string>
				<key>CLANG_WARN_ENUM_CONVERSION</key>
				<string>YES</string>
				<key>CLANG_WARN_INT_CONVERSION</key>
				<string>YES</string>
				<key>CLANG_WARN_OBJC_ROOT_CLASS</key>
				<string>YES_ERROR</string>
				<key>CLANG_WARN__DUPLICATE_METHOD_MATCH</key>
				<string>YES</string>
				<key>COPY_PHASE_STRIP</key>
				<string>NO</string>
				<key>DEAD_CODE_STRIPPING</key>
				<string>NO</string>
				<key>ENABLE_NS_ASSERTIONS</key>
				<string>NO</string>
				<key>GCC_C_LANGUAGE_STANDARD</key>
				<string>gnu99</string>
				<key>GCC_WARN_64_TO_32_BIT_CONVERSION</key>
				<string>YES</string>
				<key>GCC_WARN_ABOUT_RETURN_TYPE</key>
				<string>YES_ERROR</string>
				<key>GCC_WARN_UNDECLARED_SELECTOR</key>
				<string>YES</string>
				<key>GCC_WARN_UNINITIALIZED_AUTOS</key>
				<string>YES</string>
				<key>GCC_WARN_UNUSED_FUNCTION</key>
				<string>YES</string>
				<key>GCC_WARN_UNUSED_VARIABLE</key>
				<string>YES</string>
				<key>IPHONEOS_DEPLOYMENT_TARGET</key>
				<string>6.1</string>
				<key>PUBLIC_HEADERS_FOLDER_PATH</key>
				<string>$(PROJECT_NAME)Headers</string>
				<key>SDKROOT</key>
				<string>iphoneos</string>
				<key>STRIP_STYLE</key>
				<string>non-global</string>
				<key>VALIDATE_PRODUCT</key>
				<string>YES</string>
			</dict>
			<key>isa</key>
			<string>XCBuildConfiguration</string>
			<key>name</key>
			<string>Release</string>
		</dict>
		<key>2D5EF56517EF41B100DDD15A</key>
		<dict>
			<key>buildConfigurations</key>
			<array>
				<string>2D5EF56617EF41B100DDD15A</string>
				<string>2D5EF56717EF41B100DDD15A</string>
			</array>
			<key>defaultConfigurationIsVisible</key>
			<string>0</string>
			<key>defaultConfigurationName</key>
			<string>Release</string>
			<key>isa</key>
			<string>XCConfigurationList</string>
		</dict>
		<key>2D5EF56617EF41B100DDD15A</key>
		<dict>
			<key>baseConfigurationReference</key>
			<string>24049C45B4F873A410D5E4D2</string>
			<key>buildSettings</key>
			<dict>
				<key>DSTROOT</key>
				<string>/tmp/Venmo.dst</string>
				<key>GCC_PRECOMPILE_PREFIX_HEADER</key>
				<string>YES</string>
				<key>GCC_PREFIX_HEADER</key>
				<string>venmo-sdk/Supporting Files/venmo-sdk-Prefix.pch</string>
				<key>GCC_TREAT_WARNINGS_AS_ERRORS</key>
				<string>NO</string>
				<key>ONLY_ACTIVE_ARCH</key>
				<string>YES</string>
				<key>OTHER_LDFLAGS</key>
				<array>
					<string>$(inherited)</string>
					<string>-ObjC</string>
				</array>
				<key>PRODUCT_NAME</key>
				<string>venmo-sdk</string>
				<key>SKIP_INSTALL</key>
				<string>YES</string>
				<key>VALID_ARCHS</key>
				<string>arm64 armv7 armv7s i386</string>
			</dict>
			<key>isa</key>
			<string>XCBuildConfiguration</string>
			<key>name</key>
			<string>Debug</string>
		</dict>
		<key>2D5EF56717EF41B100DDD15A</key>
		<dict>
			<key>baseConfigurationReference</key>
			<string>010A2E8BB60DB52F767A080E</string>
			<key>buildSettings</key>
			<dict>
				<key>DSTROOT</key>
				<string>/tmp/Venmo.dst</string>
				<key>GCC_PRECOMPILE_PREFIX_HEADER</key>
				<string>YES</string>
				<key>GCC_PREFIX_HEADER</key>
				<string>venmo-sdk/Supporting Files/venmo-sdk-Prefix.pch</string>
				<key>GCC_TREAT_WARNINGS_AS_ERRORS</key>
				<string>NO</string>
				<key>ONLY_ACTIVE_ARCH</key>
				<string>YES</string>
				<key>OTHER_LDFLAGS</key>
				<array>
					<string>$(inherited)</string>
					<string>-ObjC</string>
				</array>
				<key>PRODUCT_NAME</key>
				<string>venmo-sdk</string>
				<key>SKIP_INSTALL</key>
				<string>YES</string>
				<key>VALID_ARCHS</key>
				<string>arm64 armv7 armv7s i386</string>
			</dict>
			<key>isa</key>
			<string>XCBuildConfiguration</string>
			<key>name</key>
			<string>Release</string>
		</dict>
		<key>2D5EF56817EF41B100DDD15A</key>
		<dict>
			<key>buildConfigurations</key>
			<array>
				<string>2D5EF56917EF41B100DDD15A</string>
				<string>2D5EF56A17EF41B100DDD15A</string>
			</array>
			<key>defaultConfigurationIsVisible</key>
			<string>0</string>
			<key>defaultConfigurationName</key>
			<string>Release</string>
			<key>isa</key>
			<string>XCConfigurationList</string>
		</dict>
		<key>2D5EF56917EF41B100DDD15A</key>
		<dict>
			<key>baseConfigurationReference</key>
			<string>16BF5F70A4E8E9A6803DD1D0</string>
			<key>buildSettings</key>
			<dict>
				<key>FRAMEWORK_SEARCH_PATHS</key>
				<array>
					<string>$(SDKROOT)/Developer/Library/Frameworks</string>
					<string>$(inherited)</string>
					<string>$(DEVELOPER_FRAMEWORKS_DIR)</string>
				</array>
				<key>GCC_PRECOMPILE_PREFIX_HEADER</key>
				<string>YES</string>
				<key>GCC_PREFIX_HEADER</key>
				<string>venmo-sdk-specs/Supporting Files/venmo-sdk-specs-Prefix.pch</string>
				<key>GCC_PREPROCESSOR_DEFINITIONS</key>
				<array>
					<string>DEBUG=1</string>
					<string>$(inherited)</string>
				</array>
				<key>INFOPLIST_FILE</key>
				<string>venmo-sdk-specs/Supporting Files/venmo-sdk-specs-Info.plist</string>
				<key>PRODUCT_NAME</key>
				<string>venmo-sdk-specs</string>
				<key>WRAPPER_EXTENSION</key>
				<string>xctest</string>
			</dict>
			<key>isa</key>
			<string>XCBuildConfiguration</string>
			<key>name</key>
			<string>Debug</string>
		</dict>
		<key>2D5EF56A17EF41B100DDD15A</key>
		<dict>
			<key>baseConfigurationReference</key>
			<string>B86CE7AA939627979DF8641B</string>
			<key>buildSettings</key>
			<dict>
				<key>FRAMEWORK_SEARCH_PATHS</key>
				<array>
					<string>$(SDKROOT)/Developer/Library/Frameworks</string>
					<string>$(inherited)</string>
					<string>$(DEVELOPER_FRAMEWORKS_DIR)</string>
				</array>
				<key>GCC_PRECOMPILE_PREFIX_HEADER</key>
				<string>YES</string>
				<key>GCC_PREFIX_HEADER</key>
				<string>venmo-sdk-specs/Supporting Files/venmo-sdk-specs-Prefix.pch</string>
				<key>INFOPLIST_FILE</key>
				<string>venmo-sdk-specs/Supporting Files/venmo-sdk-specs-Info.plist</string>
				<key>PRODUCT_NAME</key>
				<string>venmo-sdk-specs</string>
				<key>WRAPPER_EXTENSION</key>
				<string>xctest</string>
			</dict>
			<key>isa</key>
			<string>XCBuildConfiguration</string>
			<key>name</key>
			<string>Release</string>
		</dict>
		<key>2D5EF56C17EF42BE00DDD15A</key>
		<dict>
			<key>buildActionMask</key>
			<string>2147483647</string>
			<key>files</key>
			<array>
				<string>EBC005BC1912E129009E12C0</string>
				<string>B6570AD11897181E00351EDF</string>
				<string>B611893A18A188AE0041AF50</string>
				<string>B657433A1897390200AFB89D</string>
				<string>B63E191018EB2C6E0006BD3E</string>
				<string>B63E18F918EB2B890006BD3E</string>
				<string>B63E18F718EB2B200006BD3E</string>
				<string>B63E18F518EB2B090006BD3E</string>
				<string>B62D59C018973F2C001E46A4</string>
				<string>B63E190618EB2C610006BD3E</string>
				<string>B62D59BC18973D71001E46A4</string>
				<string>B63E191218EB2C6E0006BD3E</string>
				<string>B63E190A18EB2C610006BD3E</string>
				<string>B6570B0E1897194200351EDF</string>
				<string>B63E190818EB2C610006BD3E</string>
				<string>B65743341897390200AFB89D</string>
				<string>EBEAB6A6190ACA4700BA6322</string>
				<string>B63E18FE18EB2BB80006BD3E</string>
			</array>
			<key>isa</key>
			<string>PBXHeadersBuildPhase</string>
			<key>runOnlyForDeploymentPostprocessing</key>
			<string>0</string>
		</dict>
		<key>2D5EF56E17EF43E900DDD15A</key>
		<dict>
			<key>buildActionMask</key>
			<string>2147483647</string>
			<key>files</key>
			<array/>
			<key>inputPaths</key>
			<array/>
			<key>isa</key>
			<string>PBXShellScriptBuildPhase</string>
			<key>outputPaths</key>
			<array/>
			<key>runOnlyForDeploymentPostprocessing</key>
			<string>0</string>
			<key>shellPath</key>
			<string>/bin/sh</string>
			<key>shellScript</key>
			<string>set -e

mkdir -p "${BUILT_PRODUCTS_DIR}/${PRODUCT_NAME}.framework/Versions/A/Headers"

# Link the "Current" version to "A"
/bin/ln -sfh A "${BUILT_PRODUCTS_DIR}/${PRODUCT_NAME}.framework/Versions/Current"
/bin/ln -sfh Versions/Current/Headers "${BUILT_PRODUCTS_DIR}/${PRODUCT_NAME}.framework/Headers"
/bin/ln -sfh "Versions/Current/${PRODUCT_NAME}" "${BUILT_PRODUCTS_DIR}/${PRODUCT_NAME}.framework/${PRODUCT_NAME}"

# The -a ensures that the headers maintain the source modification date so that we don't constantly
# cause propagating rebuilds of files that import these headers.
/bin/cp -a "${TARGET_BUILD_DIR}/${PUBLIC_HEADERS_FOLDER_PATH}/" "${BUILT_PRODUCTS_DIR}/${PRODUCT_NAME}.framework/Versions/A/Headers"
</string>
		</dict>
		<key>2D5EF5B417EF450E00DDD15A</key>
		<dict>
			<key>isa</key>
			<string>PBXFileReference</string>
			<key>lastKnownFileType</key>
			<string>wrapper.framework</string>
			<key>name</key>
			<string>UIKit.framework</string>
			<key>path</key>
			<string>System/Library/Frameworks/UIKit.framework</string>
			<key>sourceTree</key>
			<string>SDKROOT</string>
		</dict>
		<key>2D5EF5B517EF450E00DDD15A</key>
		<dict>
			<key>fileRef</key>
			<string>2D5EF5B417EF450E00DDD15A</string>
			<key>isa</key>
			<string>PBXBuildFile</string>
		</dict>
		<key>4B27FA6182D64675B46C14F9</key>
		<dict>
			<key>fileRef</key>
			<string>020A57C6B0154594BF8419A0</string>
			<key>isa</key>
			<string>PBXBuildFile</string>
		</dict>
		<key>7A82EA011A484C00981291B6</key>
		<dict>
			<key>buildActionMask</key>
			<string>2147483647</string>
			<key>files</key>
			<array/>
			<key>inputPaths</key>
			<array/>
			<key>isa</key>
			<string>PBXShellScriptBuildPhase</string>
			<key>name</key>
			<string>Copy Pods Resources</string>
			<key>outputPaths</key>
			<array/>
			<key>runOnlyForDeploymentPostprocessing</key>
			<string>0</string>
			<key>shellPath</key>
			<string>/bin/sh</string>
			<key>shellScript</key>
			<string>"${SRCROOT}/Pods/Target Support Files/Pods-venmo-sdk-specs/Pods-venmo-sdk-specs-resources.sh"
</string>
			<key>showEnvVarsInLog</key>
			<string>0</string>
		</dict>
		<key>87A767D50D5E4EEEBE39F5F9</key>
		<dict>
			<key>fileRef</key>
			<string>082371A92E1C47C78ECD9347</string>
			<key>isa</key>
			<string>PBXBuildFile</string>
		</dict>
		<key>921DC61111444CB8B90C8D6F</key>
		<dict>
			<key>fileRef</key>
			<string>BD7F84232DAE4570A88D6563</string>
			<key>isa</key>
			<string>PBXBuildFile</string>
		</dict>
		<key>AE6218F3332046B89D23D2F6</key>
		<dict>
			<key>buildActionMask</key>
			<string>2147483647</string>
			<key>files</key>
			<array/>
			<key>inputPaths</key>
			<array/>
			<key>isa</key>
			<string>PBXShellScriptBuildPhase</string>
			<key>name</key>
			<string>Check Pods Manifest.lock</string>
			<key>outputPaths</key>
			<array/>
			<key>runOnlyForDeploymentPostprocessing</key>
			<string>0</string>
			<key>shellPath</key>
			<string>/bin/sh</string>
			<key>shellScript</key>
			<string>diff "${PODS_ROOT}/../Podfile.lock" "${PODS_ROOT}/Manifest.lock" &gt; /dev/null
if [[ $? != 0 ]] ; then
    cat &lt;&lt; EOM
error: The sandbox is not in sync with the Podfile.lock. Run 'pod install' or update your CocoaPods installation.
EOM
    exit 1
fi
</string>
			<key>showEnvVarsInLog</key>
			<string>0</string>
		</dict>
		<key>B611893918A188AE0041AF50</key>
		<dict>
			<key>fileEncoding</key>
			<string>4</string>
			<key>isa</key>
			<string>PBXFileReference</string>
			<key>lastKnownFileType</key>
			<string>sourcecode.c.h</string>
			<key>path</key>
			<string>VENPermissionConstants.h</string>
			<key>sourceTree</key>
			<string>&lt;group&gt;</string>
		</dict>
		<key>B611893A18A188AE0041AF50</key>
		<dict>
			<key>fileRef</key>
			<string>B611893918A188AE0041AF50</string>
			<key>isa</key>
			<string>PBXBuildFile</string>
		</dict>
		<key>B611893B18A189800041AF50</key>
		<dict>
			<key>fileEncoding</key>
			<string>4</string>
			<key>isa</key>
			<string>PBXFileReference</string>
			<key>lastKnownFileType</key>
			<string>sourcecode.c.objc</string>
			<key>path</key>
			<string>VENSessionSpec.m</string>
			<key>sourceTree</key>
			<string>&lt;group&gt;</string>
		</dict>
		<key>B62D59B918973D71001E46A4</key>
		<dict>
			<key>children</key>
			<array>
				<string>B62D59BA18973D71001E46A4</string>
				<string>B62D59BB18973D71001E46A4</string>
			</array>
			<key>isa</key>
			<string>PBXGroup</string>
			<key>path</key>
			<string>URL Handling</string>
			<key>sourceTree</key>
			<string>&lt;group&gt;</string>
		</dict>
		<key>B62D59BA18973D71001E46A4</key>
		<dict>
			<key>fileEncoding</key>
			<string>4</string>
			<key>isa</key>
			<string>PBXFileReference</string>
			<key>lastKnownFileType</key>
			<string>sourcecode.c.h</string>
			<key>path</key>
			<string>VENURLProtocol.h</string>
			<key>sourceTree</key>
			<string>&lt;group&gt;</string>
		</dict>
		<key>B62D59BB18973D71001E46A4</key>
		<dict>
			<key>fileEncoding</key>
			<string>4</string>
			<key>isa</key>
			<string>PBXFileReference</string>
			<key>lastKnownFileType</key>
			<string>sourcecode.c.objc</string>
			<key>path</key>
			<string>VENURLProtocol.m</string>
			<key>sourceTree</key>
			<string>&lt;group&gt;</string>
		</dict>
		<key>B62D59BC18973D71001E46A4</key>
		<dict>
			<key>fileRef</key>
			<string>B62D59BA18973D71001E46A4</string>
			<key>isa</key>
			<string>PBXBuildFile</string>
		</dict>
		<key>B62D59BD18973D71001E46A4</key>
		<dict>
			<key>fileRef</key>
			<string>B62D59BB18973D71001E46A4</string>
			<key>isa</key>
			<string>PBXBuildFile</string>
		</dict>
		<key>B62D59BE18973F2C001E46A4</key>
		<dict>
			<key>fileEncoding</key>
			<string>4</string>
			<key>isa</key>
			<string>PBXFileReference</string>
			<key>lastKnownFileType</key>
			<string>sourcecode.c.h</string>
			<key>path</key>
			<string>VENRequestDecoder.h</string>
			<key>sourceTree</key>
			<string>&lt;group&gt;</string>
		</dict>
		<key>B62D59BF18973F2C001E46A4</key>
		<dict>
			<key>fileEncoding</key>
			<string>4</string>
			<key>isa</key>
			<string>PBXFileReference</string>
			<key>lastKnownFileType</key>
			<string>sourcecode.c.objc</string>
			<key>path</key>
			<string>VENRequestDecoder.m</string>
			<key>sourceTree</key>
			<string>&lt;group&gt;</string>
		</dict>
		<key>B62D59C018973F2C001E46A4</key>
		<dict>
			<key>fileRef</key>
			<string>B62D59BE18973F2C001E46A4</string>
			<key>isa</key>
			<string>PBXBuildFile</string>
		</dict>
		<key>B62D59C118973F2C001E46A4</key>
		<dict>
			<key>fileRef</key>
			<string>B62D59BF18973F2C001E46A4</string>
			<key>isa</key>
			<string>PBXBuildFile</string>
		</dict>
		<key>B63E18F218EB2AB30006BD3E</key>
		<dict>
			<key>fileEncoding</key>
			<string>4</string>
			<key>isa</key>
			<string>PBXFileReference</string>
			<key>lastKnownFileType</key>
			<string>sourcecode.c.objc</string>
			<key>path</key>
			<string>VENBase64.m</string>
			<key>sourceTree</key>
			<string>&lt;group&gt;</string>
		</dict>
		<key>B63E18F318EB2AB30006BD3E</key>
		<dict>
			<key>fileRef</key>
			<string>B63E18F218EB2AB30006BD3E</string>
			<key>isa</key>
			<string>PBXBuildFile</string>
		</dict>
		<key>B63E18F418EB2B090006BD3E</key>
		<dict>
			<key>fileEncoding</key>
			<string>4</string>
			<key>isa</key>
			<string>PBXFileReference</string>
			<key>lastKnownFileType</key>
			<string>sourcecode.c.h</string>
			<key>path</key>
			<string>VENBase64_Internal.h</string>
			<key>sourceTree</key>
			<string>&lt;group&gt;</string>
		</dict>
		<key>B63E18F518EB2B090006BD3E</key>
		<dict>
			<key>fileRef</key>
			<string>B63E18F418EB2B090006BD3E</string>
			<key>isa</key>
			<string>PBXBuildFile</string>
		</dict>
		<key>B63E18F618EB2B200006BD3E</key>
		<dict>
			<key>fileEncoding</key>
			<string>4</string>
			<key>isa</key>
			<string>PBXFileReference</string>
			<key>lastKnownFileType</key>
			<string>sourcecode.c.h</string>
			<key>path</key>
			<string>VENDefines_Internal.h</string>
			<key>sourceTree</key>
			<string>&lt;group&gt;</string>
		</dict>
		<key>B63E18F718EB2B200006BD3E</key>
		<dict>
			<key>fileRef</key>
			<string>B63E18F618EB2B200006BD3E</string>
			<key>isa</key>
			<string>PBXBuildFile</string>
		</dict>
		<key>B63E18F818EB2B890006BD3E</key>
		<dict>
			<key>fileEncoding</key>
			<string>4</string>
			<key>isa</key>
			<string>PBXFileReference</string>
			<key>lastKnownFileType</key>
			<string>sourcecode.c.h</string>
			<key>path</key>
			<string>VENHMAC_SHA256_Internal.h</string>
			<key>sourceTree</key>
			<string>&lt;group&gt;</string>
		</dict>
		<key>B63E18F918EB2B890006BD3E</key>
		<dict>
			<key>fileRef</key>
			<string>B63E18F818EB2B890006BD3E</string>
			<key>isa</key>
			<string>PBXBuildFile</string>
		</dict>
		<key>B63E18FA18EB2B900006BD3E</key>
		<dict>
			<key>fileEncoding</key>
			<string>4</string>
			<key>isa</key>
			<string>PBXFileReference</string>
			<key>lastKnownFileType</key>
			<string>sourcecode.c.objc</string>
			<key>path</key>
			<string>VENHMAC_SHA256.m</string>
			<key>sourceTree</key>
			<string>&lt;group&gt;</string>
		</dict>
		<key>B63E18FB18EB2B900006BD3E</key>
		<dict>
			<key>fileRef</key>
			<string>B63E18FA18EB2B900006BD3E</string>
			<key>isa</key>
			<string>PBXBuildFile</string>
		</dict>
		<key>B63E18FC18EB2BB80006BD3E</key>
		<dict>
			<key>fileEncoding</key>
			<string>4</string>
			<key>isa</key>
			<string>PBXFileReference</string>
			<key>lastKnownFileType</key>
			<string>sourcecode.c.h</string>
			<key>path</key>
			<string>VENErrors.h</string>
			<key>sourceTree</key>
			<string>&lt;group&gt;</string>
		</dict>
		<key>B63E18FD18EB2BB80006BD3E</key>
		<dict>
			<key>fileEncoding</key>
			<string>4</string>
			<key>isa</key>
			<string>PBXFileReference</string>
			<key>lastKnownFileType</key>
			<string>sourcecode.c.objc</string>
			<key>path</key>
			<string>VENErrors.m</string>
			<key>sourceTree</key>
			<string>&lt;group&gt;</string>
		</dict>
		<key>B63E18FE18EB2BB80006BD3E</key>
		<dict>
			<key>fileRef</key>
			<string>B63E18FC18EB2BB80006BD3E</string>
			<key>isa</key>
			<string>PBXBuildFile</string>
		</dict>
		<key>B63E18FF18EB2BB80006BD3E</key>
		<dict>
			<key>fileRef</key>
			<string>B63E18FD18EB2BB80006BD3E</string>
			<key>isa</key>
			<string>PBXBuildFile</string>
		</dict>
		<key>B63E190018EB2C610006BD3E</key>
		<dict>
			<key>fileEncoding</key>
			<string>4</string>
			<key>isa</key>
			<string>PBXFileReference</string>
			<key>lastKnownFileType</key>
			<string>sourcecode.c.h</string>
			<key>path</key>
			<string>NSBundle+VenmoSDK.h</string>
			<key>sourceTree</key>
			<string>&lt;group&gt;</string>
		</dict>
		<key>B63E190118EB2C610006BD3E</key>
		<dict>
			<key>fileEncoding</key>
			<string>4</string>
			<key>isa</key>
			<string>PBXFileReference</string>
			<key>lastKnownFileType</key>
			<string>sourcecode.c.objc</string>
			<key>path</key>
			<string>NSBundle+VenmoSDK.m</string>
			<key>sourceTree</key>
			<string>&lt;group&gt;</string>
		</dict>
		<key>B63E190218EB2C610006BD3E</key>
		<dict>
			<key>fileEncoding</key>
			<string>4</string>
			<key>isa</key>
			<string>PBXFileReference</string>
			<key>lastKnownFileType</key>
			<string>sourcecode.c.h</string>
			<key>path</key>
			<string>NSDictionary+VenmoSDK.h</string>
			<key>sourceTree</key>
			<string>&lt;group&gt;</string>
		</dict>
		<key>B63E190318EB2C610006BD3E</key>
		<dict>
			<key>fileEncoding</key>
			<string>4</string>
			<key>isa</key>
			<string>PBXFileReference</string>
			<key>lastKnownFileType</key>
			<string>sourcecode.c.objc</string>
			<key>path</key>
			<string>NSDictionary+VenmoSDK.m</string>
			<key>sourceTree</key>
			<string>&lt;group&gt;</string>
		</dict>
		<key>B63E190418EB2C610006BD3E</key>
		<dict>
			<key>fileEncoding</key>
			<string>4</string>
			<key>isa</key>
			<string>PBXFileReference</string>
			<key>lastKnownFileType</key>
			<string>sourcecode.c.h</string>
			<key>path</key>
			<string>NSError+VenmoSDK.h</string>
			<key>sourceTree</key>
			<string>&lt;group&gt;</string>
		</dict>
		<key>B63E190518EB2C610006BD3E</key>
		<dict>
			<key>fileEncoding</key>
			<string>4</string>
			<key>isa</key>
			<string>PBXFileReference</string>
			<key>lastKnownFileType</key>
			<string>sourcecode.c.objc</string>
			<key>path</key>
			<string>NSError+VenmoSDK.m</string>
			<key>sourceTree</key>
			<string>&lt;group&gt;</string>
		</dict>
		<key>B63E190618EB2C610006BD3E</key>
		<dict>
			<key>fileRef</key>
			<string>B63E190018EB2C610006BD3E</string>
			<key>isa</key>
			<string>PBXBuildFile</string>
		</dict>
		<key>B63E190718EB2C610006BD3E</key>
		<dict>
			<key>fileRef</key>
			<string>B63E190118EB2C610006BD3E</string>
			<key>isa</key>
			<string>PBXBuildFile</string>
		</dict>
		<key>B63E190818EB2C610006BD3E</key>
		<dict>
			<key>fileRef</key>
			<string>B63E190218EB2C610006BD3E</string>
			<key>isa</key>
			<string>PBXBuildFile</string>
		</dict>
		<key>B63E190918EB2C610006BD3E</key>
		<dict>
			<key>fileRef</key>
			<string>B63E190318EB2C610006BD3E</string>
			<key>isa</key>
			<string>PBXBuildFile</string>
		</dict>
		<key>B63E190A18EB2C610006BD3E</key>
		<dict>
			<key>fileRef</key>
			<string>B63E190418EB2C610006BD3E</string>
			<key>isa</key>
			<string>PBXBuildFile</string>
		</dict>
		<key>B63E190B18EB2C610006BD3E</key>
		<dict>
			<key>fileRef</key>
			<string>B63E190518EB2C610006BD3E</string>
			<key>isa</key>
			<string>PBXBuildFile</string>
		</dict>
		<key>B63E190C18EB2C6E0006BD3E</key>
		<dict>
			<key>fileEncoding</key>
			<string>4</string>
			<key>isa</key>
			<string>PBXFileReference</string>
			<key>lastKnownFileType</key>
			<string>sourcecode.c.h</string>
			<key>path</key>
			<string>NSString+VenmoSDK.h</string>
			<key>sourceTree</key>
			<string>&lt;group&gt;</string>
		</dict>
		<key>B63E190D18EB2C6E0006BD3E</key>
		<dict>
			<key>fileEncoding</key>
			<string>4</string>
			<key>isa</key>
			<string>PBXFileReference</string>
			<key>lastKnownFileType</key>
			<string>sourcecode.c.objc</string>
			<key>path</key>
			<string>NSString+VenmoSDK.m</string>
			<key>sourceTree</key>
			<string>&lt;group&gt;</string>
		</dict>
		<key>B63E190E18EB2C6E0006BD3E</key>
		<dict>
			<key>fileEncoding</key>
			<string>4</string>
			<key>isa</key>
			<string>PBXFileReference</string>
			<key>lastKnownFileType</key>
			<string>sourcecode.c.h</string>
			<key>path</key>
			<string>NSURL+VenmoSDK.h</string>
			<key>sourceTree</key>
			<string>&lt;group&gt;</string>
		</dict>
		<key>B63E190F18EB2C6E0006BD3E</key>
		<dict>
			<key>fileEncoding</key>
			<string>4</string>
			<key>isa</key>
			<string>PBXFileReference</string>
			<key>lastKnownFileType</key>
			<string>sourcecode.c.objc</string>
			<key>path</key>
			<string>NSURL+VenmoSDK.m</string>
			<key>sourceTree</key>
			<string>&lt;group&gt;</string>
		</dict>
		<key>B63E191018EB2C6E0006BD3E</key>
		<dict>
			<key>fileRef</key>
			<string>B63E190C18EB2C6E0006BD3E</string>
			<key>isa</key>
			<string>PBXBuildFile</string>
		</dict>
		<key>B63E191118EB2C6E0006BD3E</key>
		<dict>
			<key>fileRef</key>
			<string>B63E190D18EB2C6E0006BD3E</string>
			<key>isa</key>
			<string>PBXBuildFile</string>
		</dict>
		<key>B63E191218EB2C6E0006BD3E</key>
		<dict>
			<key>fileRef</key>
			<string>B63E190E18EB2C6E0006BD3E</string>
			<key>isa</key>
			<string>PBXBuildFile</string>
		</dict>
		<key>B63E191318EB2C6E0006BD3E</key>
		<dict>
			<key>fileRef</key>
			<string>B63E190F18EB2C6E0006BD3E</string>
			<key>isa</key>
			<string>PBXBuildFile</string>
		</dict>
		<key>B64A63D218ABFDA00091A465</key>
		<dict>
			<key>fileRef</key>
			<string>B611893B18A189800041AF50</string>
			<key>isa</key>
			<string>PBXBuildFile</string>
		</dict>
		<key>B6570AB0189711FD00351EDF</key>
		<dict>
			<key>fileEncoding</key>
			<string>4</string>
			<key>isa</key>
			<string>PBXFileReference</string>
			<key>lastKnownFileType</key>
			<string>sourcecode.c.h</string>
			<key>path</key>
			<string>Venmo.h</string>
			<key>sourceTree</key>
			<string>&lt;group&gt;</string>
		</dict>
		<key>B6570AB1189711FD00351EDF</key>
		<dict>
			<key>fileEncoding</key>
			<string>4</string>
			<key>isa</key>
			<string>PBXFileReference</string>
			<key>lastKnownFileType</key>
			<string>sourcecode.c.objc</string>
			<key>path</key>
			<string>Venmo.m</string>
			<key>sourceTree</key>
			<string>&lt;group&gt;</string>
		</dict>
		<key>B6570AB3189711FD00351EDF</key>
		<dict>
			<key>fileRef</key>
			<string>B6570AB1189711FD00351EDF</string>
			<key>isa</key>
			<string>PBXBuildFile</string>
		</dict>
		<key>B6570AD11897181E00351EDF</key>
		<dict>
			<key>fileRef</key>
			<string>B6570AB0189711FD00351EDF</string>
			<key>isa</key>
			<string>PBXBuildFile</string>
			<key>settings</key>
			<dict>
				<key>ATTRIBUTES</key>
				<array>
					<string>Public</string>
				</array>
			</dict>
		</dict>
		<key>B6570B0D1897194200351EDF</key>
		<dict>
			<key>fileEncoding</key>
			<string>4</string>
			<key>isa</key>
			<string>PBXFileReference</string>
			<key>lastKnownFileType</key>
			<string>sourcecode.c.h</string>
			<key>path</key>
			<string>venmo-sdk-Prefix.pch</string>
			<key>sourceTree</key>
			<string>&lt;group&gt;</string>
		</dict>
		<key>B6570B0E1897194200351EDF</key>
		<dict>
			<key>fileRef</key>
			<string>B6570B0D1897194200351EDF</string>
			<key>isa</key>
			<string>PBXBuildFile</string>
			<key>settings</key>
			<dict>
				<key>ATTRIBUTES</key>
				<array>
					<string>Private</string>
				</array>
			</dict>
		</dict>
		<key>B657431F1897390200AFB89D</key>
		<dict>
			<key>children</key>
			<array>
				<string>B63E190018EB2C610006BD3E</string>
				<string>B63E190118EB2C610006BD3E</string>
				<string>B63E190218EB2C610006BD3E</string>
				<string>B63E190318EB2C610006BD3E</string>
				<string>B63E190418EB2C610006BD3E</string>
				<string>B63E190518EB2C610006BD3E</string>
				<string>B65743261897390200AFB89D</string>
				<string>B65743271897390200AFB89D</string>
				<string>B63E190C18EB2C6E0006BD3E</string>
				<string>B63E190D18EB2C6E0006BD3E</string>
				<string>B63E190E18EB2C6E0006BD3E</string>
				<string>B63E190F18EB2C6E0006BD3E</string>
				<string>B657432C1897390200AFB89D</string>
				<string>B657432D1897390200AFB89D</string>
				<string>EBEAB6A4190ACA4700BA6322</string>
				<string>EBEAB6A5190ACA4700BA6322</string>
				<string>EBC005BA1912E129009E12C0</string>
				<string>EBC005BB1912E129009E12C0</string>
			</array>
			<key>isa</key>
			<string>PBXGroup</string>
			<key>path</key>
			<string>Categories</string>
			<key>sourceTree</key>
			<string>&lt;group&gt;</string>
		</dict>
		<key>B65743261897390200AFB89D</key>
		<dict>
			<key>fileEncoding</key>
			<string>4</string>
			<key>isa</key>
			<string>PBXFileReference</string>
			<key>lastKnownFileType</key>
			<string>sourcecode.c.h</string>
			<key>path</key>
			<string>NSString+MD5Addition.h</string>
			<key>sourceTree</key>
			<string>&lt;group&gt;</string>
		</dict>
		<key>B65743271897390200AFB89D</key>
		<dict>
			<key>fileEncoding</key>
			<string>4</string>
			<key>isa</key>
			<string>PBXFileReference</string>
			<key>lastKnownFileType</key>
			<string>sourcecode.c.objc</string>
			<key>path</key>
			<string>NSString+MD5Addition.m</string>
			<key>sourceTree</key>
			<string>&lt;group&gt;</string>
		</dict>
		<key>B657432C1897390200AFB89D</key>
		<dict>
			<key>fileEncoding</key>
			<string>4</string>
			<key>isa</key>
			<string>PBXFileReference</string>
			<key>lastKnownFileType</key>
			<string>sourcecode.c.h</string>
			<key>path</key>
			<string>UIDevice+IdentifierAddition.h</string>
			<key>sourceTree</key>
			<string>&lt;group&gt;</string>
		</dict>
		<key>B657432D1897390200AFB89D</key>
		<dict>
			<key>fileEncoding</key>
			<string>4</string>
			<key>isa</key>
			<string>PBXFileReference</string>
			<key>lastKnownFileType</key>
			<string>sourcecode.c.objc</string>
			<key>path</key>
			<string>UIDevice+IdentifierAddition.m</string>
			<key>sourceTree</key>
			<string>&lt;group&gt;</string>
		</dict>
		<key>B65743341897390200AFB89D</key>
		<dict>
			<key>fileRef</key>
			<string>B65743261897390200AFB89D</string>
			<key>isa</key>
			<string>PBXBuildFile</string>
		</dict>
		<key>B65743351897390200AFB89D</key>
		<dict>
			<key>fileRef</key>
			<string>B65743271897390200AFB89D</string>
			<key>isa</key>
			<string>PBXBuildFile</string>
		</dict>
		<key>B657433A1897390200AFB89D</key>
		<dict>
			<key>fileRef</key>
			<string>B657432C1897390200AFB89D</string>
			<key>isa</key>
			<string>PBXBuildFile</string>
		</dict>
		<key>B657433B1897390200AFB89D</key>
		<dict>
			<key>fileRef</key>
			<string>B657432D1897390200AFB89D</string>
			<key>isa</key>
			<string>PBXBuildFile</string>
		</dict>
		<key>B657433F1897394E00AFB89D</key>
		<dict>
			<key>children</key>
			<array>
				<string>B63E18F218EB2AB30006BD3E</string>
				<string>B63E18F418EB2B090006BD3E</string>
				<string>B63E18F618EB2B200006BD3E</string>
				<string>B63E18FA18EB2B900006BD3E</string>
				<string>B63E18F818EB2B890006BD3E</string>
				<string>B62D59BE18973F2C001E46A4</string>
				<string>B62D59BF18973F2C001E46A4</string>
			</array>
			<key>isa</key>
			<string>PBXGroup</string>
			<key>path</key>
			<string>Encryption</string>
			<key>sourceTree</key>
			<string>&lt;group&gt;</string>
		</dict>
		<key>B6588AEF18A02D8400A0C73B</key>
		<dict>
			<key>fileEncoding</key>
			<string>4</string>
			<key>isa</key>
			<string>PBXFileReference</string>
			<key>lastKnownFileType</key>
			<string>sourcecode.c.objc</string>
			<key>path</key>
			<string>VENPermissionSpec.m</string>
			<key>sourceTree</key>
			<string>&lt;group&gt;</string>
		</dict>
		<key>B6588AF118A02E1000A0C73B</key>
		<dict>
			<key>fileRef</key>
			<string>B6588AEF18A02D8400A0C73B</string>
			<key>isa</key>
			<string>PBXBuildFile</string>
		</dict>
		<key>B6588AF918A0554200A0C73B</key>
		<dict>
			<key>fileEncoding</key>
			<string>4</string>
			<key>isa</key>
			<string>PBXFileReference</string>
			<key>lastKnownFileType</key>
			<string>sourcecode.c.objc</string>
			<key>path</key>
			<string>VenmoSpec.m</string>
			<key>sourceTree</key>
			<string>&lt;group&gt;</string>
		</dict>
		<key>B6588AFA18A0554200A0C73B</key>
		<dict>
			<key>fileRef</key>
			<string>B6588AF918A0554200A0C73B</string>
			<key>isa</key>
			<string>PBXBuildFile</string>
		</dict>
		<key>B6B810A918A1842B00FD8955</key>
		<dict>
			<key>fileEncoding</key>
			<string>4</string>
			<key>isa</key>
			<string>PBXFileReference</string>
			<key>lastKnownFileType</key>
			<string>sourcecode.c.objc</string>
			<key>path</key>
			<string>VENTransaction+VenmoSDKSpec.m</string>
			<key>sourceTree</key>
			<string>&lt;group&gt;</string>
		</dict>
		<key>B6DB24FFD9A1BE84AE3FD953</key>
		<dict>
			<key>includeInIndex</key>
			<string>1</string>
			<key>isa</key>
			<string>PBXFileReference</string>
			<key>lastKnownFileType</key>
			<string>text.xcconfig</string>
			<key>name</key>
			<string>Pods-venmo-sdk-integration-specs.debug.xcconfig</string>
			<key>path</key>
			<string>Pods/Target Support Files/Pods-venmo-sdk-integration-specs/Pods-venmo-sdk-integration-specs.debug.xcconfig</string>
			<key>sourceTree</key>
			<string>&lt;group&gt;</string>
		</dict>
		<key>B6F5045D18E38C2600BDACF7</key>
		<dict>
			<key>children</key>
			<array>
				<string>B6F5045E18E38C2600BDACF7</string>
				<string>B6F5045F18E38C2600BDACF7</string>
				<string>B6F5046018E38C2600BDACF7</string>
				<string>B6F5046118E38C2600BDACF7</string>
			</array>
			<key>isa</key>
			<string>PBXGroup</string>
			<key>path</key>
			<string>Models</string>
			<key>sourceTree</key>
			<string>&lt;group&gt;</string>
		</dict>
		<key>B6F5045E18E38C2600BDACF7</key>
		<dict>
			<key>fileEncoding</key>
			<string>4</string>
			<key>isa</key>
			<string>PBXFileReference</string>
			<key>lastKnownFileType</key>
			<string>sourcecode.c.h</string>
			<key>path</key>
			<string>VENPermission.h</string>
			<key>sourceTree</key>
			<string>&lt;group&gt;</string>
		</dict>
		<key>B6F5045F18E38C2600BDACF7</key>
		<dict>
			<key>fileEncoding</key>
			<string>4</string>
			<key>isa</key>
			<string>PBXFileReference</string>
			<key>lastKnownFileType</key>
			<string>sourcecode.c.objc</string>
			<key>path</key>
			<string>VENPermission.m</string>
			<key>sourceTree</key>
			<string>&lt;group&gt;</string>
		</dict>
		<key>B6F5046018E38C2600BDACF7</key>
		<dict>
			<key>fileEncoding</key>
			<string>4</string>
			<key>isa</key>
			<string>PBXFileReference</string>
			<key>lastKnownFileType</key>
			<string>sourcecode.c.h</string>
			<key>path</key>
			<string>VENSession.h</string>
			<key>sourceTree</key>
			<string>&lt;group&gt;</string>
		</dict>
		<key>B6F5046118E38C2600BDACF7</key>
		<dict>
			<key>fileEncoding</key>
			<string>4</string>
			<key>isa</key>
			<string>PBXFileReference</string>
			<key>lastKnownFileType</key>
			<string>sourcecode.c.objc</string>
			<key>path</key>
			<string>VENSession.m</string>
			<key>sourceTree</key>
			<string>&lt;group&gt;</string>
		</dict>
		<key>B6F5046618E38C2600BDACF7</key>
		<dict>
			<key>fileRef</key>
			<string>B6F5045F18E38C2600BDACF7</string>
			<key>isa</key>
			<string>PBXBuildFile</string>
		</dict>
		<key>B6F5046718E38C2600BDACF7</key>
		<dict>
			<key>fileRef</key>
			<string>B6F5046118E38C2600BDACF7</string>
			<key>isa</key>
			<string>PBXBuildFile</string>
		</dict>
		<key>B86CE7AA939627979DF8641B</key>
		<dict>
			<key>includeInIndex</key>
			<string>1</string>
			<key>isa</key>
			<string>PBXFileReference</string>
			<key>lastKnownFileType</key>
			<string>text.xcconfig</string>
			<key>name</key>
			<string>Pods-venmo-sdk-specs.release.xcconfig</string>
			<key>path</key>
			<string>Pods/Target Support Files/Pods-venmo-sdk-specs/Pods-venmo-sdk-specs.release.xcconfig</string>
			<key>sourceTree</key>
			<string>&lt;group&gt;</string>
		</dict>
		<key>BD7F84232DAE4570A88D6563</key>
		<dict>
			<key>explicitFileType</key>
			<string>archive.ar</string>
			<key>includeInIndex</key>
			<string>0</string>
			<key>isa</key>
			<string>PBXFileReference</string>
			<key>path</key>
			<string>libPods-venmo-sdk-specs.a</string>
			<key>sourceTree</key>
			<string>BUILT_PRODUCTS_DIR</string>
		</dict>
		<key>D5BBE5DA60FD85BFB316C136</key>
		<dict>
			<key>children</key>
			<array>
				<string>24049C45B4F873A410D5E4D2</string>
				<string>010A2E8BB60DB52F767A080E</string>
				<string>B6DB24FFD9A1BE84AE3FD953</string>
				<string>16887B22588FF23AEC28452A</string>
				<string>16BF5F70A4E8E9A6803DD1D0</string>
				<string>B86CE7AA939627979DF8641B</string>
			</array>
			<key>isa</key>
			<string>PBXGroup</string>
			<key>name</key>
			<string>Pods</string>
			<key>sourceTree</key>
			<string>&lt;group&gt;</string>
		</dict>
		<key>D7A2386B5BE24A84ACED3B9B</key>
		<dict>
			<key>buildActionMask</key>
			<string>2147483647</string>
			<key>files</key>
			<array/>
			<key>inputPaths</key>
			<array/>
			<key>isa</key>
			<string>PBXShellScriptBuildPhase</string>
			<key>name</key>
			<string>Copy Pods Resources</string>
			<key>outputPaths</key>
			<array/>
			<key>runOnlyForDeploymentPostprocessing</key>
			<string>0</string>
			<key>shellPath</key>
			<string>/bin/sh</string>
			<key>shellScript</key>
			<string>"${SRCROOT}/Pods/Target Support Files/Pods-venmo-sdk-integration-specs/Pods-venmo-sdk-integration-specs-resources.sh"
</string>
			<key>showEnvVarsInLog</key>
			<string>0</string>
		</dict>
		<key>DE6D91AACFAC48D88923B97F</key>
		<dict>
			<key>buildActionMask</key>
			<string>2147483647</string>
			<key>files</key>
			<array/>
			<key>inputPaths</key>
			<array/>
			<key>isa</key>
			<string>PBXShellScriptBuildPhase</string>
			<key>name</key>
			<string>Copy Pods Resources</string>
			<key>outputPaths</key>
			<array/>
			<key>runOnlyForDeploymentPostprocessing</key>
			<string>0</string>
			<key>shellPath</key>
			<string>/bin/sh</string>
			<key>shellScript</key>
			<string>"${SRCROOT}/Pods/Target Support Files/Pods-venmo-sdk/Pods-venmo-sdk-resources.sh"
</string>
			<key>showEnvVarsInLog</key>
			<string>0</string>
		</dict>
		<key>EB3499BA190AF8D400C74EAA</key>
		<dict>
			<key>fileRef</key>
			<string>B6B810A918A1842B00FD8955</string>
			<key>isa</key>
			<string>PBXBuildFile</string>
		</dict>
		<key>EB3499BB190AF91500C74EAA</key>
		<dict>
			<key>fileEncoding</key>
			<string>4</string>
			<key>isa</key>
			<string>PBXFileReference</string>
			<key>lastKnownFileType</key>
			<string>sourcecode.c.h</string>
			<key>name</key>
			<string>venmo-sdk-specs-Prefix.pch</string>
			<key>path</key>
			<string>Supporting Files/venmo-sdk-specs-Prefix.pch</string>
			<key>sourceTree</key>
			<string>&lt;group&gt;</string>
		</dict>
		<key>EB49E22619266E0D008EA5DC</key>
		<dict>
			<key>buildActionMask</key>
			<string>2147483647</string>
			<key>files</key>
			<array>
				<string>EBC4E5D9192692E600E24E33</string>
				<string>EBC4E5D5192690CD00E24E33</string>
				<string>EB49E23F19266FD5008EA5DC</string>
				<string>EBC4E5DA192692E600E24E33</string>
			</array>
			<key>isa</key>
			<string>PBXSourcesBuildPhase</string>
			<key>runOnlyForDeploymentPostprocessing</key>
			<string>0</string>
		</dict>
		<key>EB49E22719266E0D008EA5DC</key>
		<dict>
			<key>buildActionMask</key>
			<string>2147483647</string>
			<key>files</key>
			<array>
				<string>EBC4E5D61926917000E24E33</string>
				<string>EB49E22C19266E0D008EA5DC</string>
				<string>4B27FA6182D64675B46C14F9</string>
			</array>
			<key>isa</key>
			<string>PBXFrameworksBuildPhase</string>
			<key>runOnlyForDeploymentPostprocessing</key>
			<string>0</string>
		</dict>
		<key>EB49E22819266E0D008EA5DC</key>
		<dict>
			<key>buildActionMask</key>
			<string>2147483647</string>
			<key>files</key>
			<array>
				<string>EB49E23319266E0D008EA5DC</string>
			</array>
			<key>isa</key>
			<string>PBXResourcesBuildPhase</string>
			<key>runOnlyForDeploymentPostprocessing</key>
			<string>0</string>
		</dict>
		<key>EB49E22919266E0D008EA5DC</key>
		<dict>
			<key>buildConfigurationList</key>
			<string>EB49E23B19266E0D008EA5DC</string>
			<key>buildPhases</key>
			<array>
				<string>AE6218F3332046B89D23D2F6</string>
				<string>EB49E22619266E0D008EA5DC</string>
				<string>EB49E22719266E0D008EA5DC</string>
				<string>EB49E22819266E0D008EA5DC</string>
				<string>D7A2386B5BE24A84ACED3B9B</string>
			</array>
			<key>buildRules</key>
			<array/>
			<key>dependencies</key>
			<array>
				<string>EB49E23819266E0D008EA5DC</string>
			</array>
			<key>isa</key>
			<string>PBXNativeTarget</string>
			<key>name</key>
			<string>venmo-sdk-integration-specs</string>
			<key>productName</key>
			<string>venmo-sdk-integration-tests</string>
			<key>productReference</key>
			<string>EB49E22A19266E0D008EA5DC</string>
			<key>productType</key>
			<string>com.apple.product-type.bundle.unit-test</string>
		</dict>
		<key>EB49E22A19266E0D008EA5DC</key>
		<dict>
			<key>explicitFileType</key>
			<string>wrapper.cfbundle</string>
			<key>includeInIndex</key>
			<string>0</string>
			<key>isa</key>
			<string>PBXFileReference</string>
			<key>path</key>
			<string>venmo-sdk-integration-specs.xctest</string>
			<key>sourceTree</key>
			<string>BUILT_PRODUCTS_DIR</string>
		</dict>
		<key>EB49E22C19266E0D008EA5DC</key>
		<dict>
			<key>fileRef</key>
			<string>2D5EF54517EF41B100DDD15A</string>
			<key>isa</key>
			<string>PBXBuildFile</string>
		</dict>
		<key>EB49E22E19266E0D008EA5DC</key>
		<dict>
			<key>children</key>
			<array>
				<string>EB49E23E19266FD5008EA5DC</string>
				<string>EBC4E5D7192692E600E24E33</string>
				<string>EBC4E5D8192692E600E24E33</string>
				<string>EB49E22F19266E0D008EA5DC</string>
			</array>
			<key>isa</key>
			<string>PBXGroup</string>
			<key>path</key>
			<string>venmo-sdk-integration-specs</string>
			<key>sourceTree</key>
			<string>&lt;group&gt;</string>
		</dict>
		<key>EB49E22F19266E0D008EA5DC</key>
		<dict>
			<key>children</key>
			<array>
				<string>EB49E23019266E0D008EA5DC</string>
				<string>EB49E23119266E0D008EA5DC</string>
				<string>EB49E23619266E0D008EA5DC</string>
			</array>
			<key>isa</key>
			<string>PBXGroup</string>
			<key>name</key>
			<string>Supporting Files</string>
			<key>sourceTree</key>
			<string>&lt;group&gt;</string>
		</dict>
		<key>EB49E23019266E0D008EA5DC</key>
		<dict>
			<key>isa</key>
			<string>PBXFileReference</string>
			<key>lastKnownFileType</key>
			<string>text.plist.xml</string>
			<key>path</key>
			<string>venmo-sdk-integration-specs-Info.plist</string>
			<key>sourceTree</key>
			<string>&lt;group&gt;</string>
		</dict>
		<key>EB49E23119266E0D008EA5DC</key>
		<dict>
			<key>children</key>
			<array>
				<string>EB49E23219266E0D008EA5DC</string>
			</array>
			<key>isa</key>
			<string>PBXVariantGroup</string>
			<key>name</key>
			<string>InfoPlist.strings</string>
			<key>sourceTree</key>
			<string>&lt;group&gt;</string>
		</dict>
		<key>EB49E23219266E0D008EA5DC</key>
		<dict>
			<key>isa</key>
			<string>PBXFileReference</string>
			<key>lastKnownFileType</key>
			<string>text.plist.strings</string>
			<key>name</key>
			<string>en</string>
			<key>path</key>
			<string>en.lproj/InfoPlist.strings</string>
			<key>sourceTree</key>
			<string>&lt;group&gt;</string>
		</dict>
		<key>EB49E23319266E0D008EA5DC</key>
		<dict>
			<key>fileRef</key>
			<string>EB49E23119266E0D008EA5DC</string>
			<key>isa</key>
			<string>PBXBuildFile</string>
		</dict>
		<key>EB49E23619266E0D008EA5DC</key>
		<dict>
			<key>isa</key>
			<string>PBXFileReference</string>
			<key>lastKnownFileType</key>
			<string>sourcecode.c.h</string>
			<key>path</key>
			<string>venmo-sdk-integration-specs-Prefix.pch</string>
			<key>sourceTree</key>
			<string>&lt;group&gt;</string>
		</dict>
		<key>EB49E23719266E0D008EA5DC</key>
		<dict>
			<key>containerPortal</key>
			<string>2D5EF53A17EF41B100DDD15A</string>
			<key>isa</key>
			<string>PBXContainerItemProxy</string>
			<key>proxyType</key>
			<string>1</string>
			<key>remoteGlobalIDString</key>
			<string>2D5EF54117EF41B100DDD15A</string>
			<key>remoteInfo</key>
			<string>venmo-sdk</string>
		</dict>
		<key>EB49E23819266E0D008EA5DC</key>
		<dict>
			<key>isa</key>
			<string>PBXTargetDependency</string>
			<key>target</key>
			<string>2D5EF54117EF41B100DDD15A</string>
			<key>targetProxy</key>
			<string>EB49E23719266E0D008EA5DC</string>
		</dict>
		<key>EB49E23919266E0D008EA5DC</key>
		<dict>
			<key>baseConfigurationReference</key>
			<string>B6DB24FFD9A1BE84AE3FD953</string>
			<key>buildSettings</key>
			<dict>
				<key>FRAMEWORK_SEARCH_PATHS</key>
				<array>
					<string>$(SDKROOT)/Developer/Library/Frameworks</string>
					<string>$(inherited)</string>
					<string>$(DEVELOPER_FRAMEWORKS_DIR)</string>
				</array>
				<key>GCC_PRECOMPILE_PREFIX_HEADER</key>
				<string>YES</string>
				<key>GCC_PREFIX_HEADER</key>
				<string>venmo-sdk-integration-specs/venmo-sdk-integration-specs-Prefix.pch</string>
				<key>GCC_PREPROCESSOR_DEFINITIONS</key>
				<array>
					<string>DEBUG=1</string>
					<string>$(inherited)</string>
				</array>
				<key>GCC_WARN_UNINITIALIZED_AUTOS</key>
				<string>YES_AGGRESSIVE</string>
				<key>INFOPLIST_FILE</key>
				<string>venmo-sdk-integration-specs/venmo-sdk-integration-specs-Info.plist</string>
				<key>IPHONEOS_DEPLOYMENT_TARGET</key>
				<string>7.1</string>
				<key>PRODUCT_NAME</key>
				<string>$(TARGET_NAME)</string>
				<key>WRAPPER_EXTENSION</key>
				<string>xctest</string>
			</dict>
			<key>isa</key>
			<string>XCBuildConfiguration</string>
			<key>name</key>
			<string>Debug</string>
		</dict>
		<key>EB49E23A19266E0D008EA5DC</key>
		<dict>
			<key>baseConfigurationReference</key>
			<string>16887B22588FF23AEC28452A</string>
			<key>buildSettings</key>
			<dict>
				<key>COPY_PHASE_STRIP</key>
				<string>YES</string>
				<key>FRAMEWORK_SEARCH_PATHS</key>
				<array>
					<string>$(SDKROOT)/Developer/Library/Frameworks</string>
					<string>$(inherited)</string>
					<string>$(DEVELOPER_FRAMEWORKS_DIR)</string>
				</array>
				<key>GCC_PRECOMPILE_PREFIX_HEADER</key>
				<string>YES</string>
				<key>GCC_PREFIX_HEADER</key>
				<string>venmo-sdk-integration-specs/venmo-sdk-integration-specs-Prefix.pch</string>
				<key>GCC_WARN_UNINITIALIZED_AUTOS</key>
				<string>YES_AGGRESSIVE</string>
				<key>INFOPLIST_FILE</key>
				<string>venmo-sdk-integration-specs/venmo-sdk-integration-specs-Info.plist</string>
				<key>IPHONEOS_DEPLOYMENT_TARGET</key>
				<string>7.1</string>
				<key>PRODUCT_NAME</key>
				<string>$(TARGET_NAME)</string>
				<key>WRAPPER_EXTENSION</key>
				<string>xctest</string>
			</dict>
			<key>isa</key>
			<string>XCBuildConfiguration</string>
			<key>name</key>
			<string>Release</string>
		</dict>
		<key>EB49E23B19266E0D008EA5DC</key>
		<dict>
			<key>buildConfigurations</key>
			<array>
				<string>EB49E23919266E0D008EA5DC</string>
				<string>EB49E23A19266E0D008EA5DC</string>
			</array>
			<key>defaultConfigurationIsVisible</key>
			<string>0</string>
			<key>defaultConfigurationName</key>
			<string>Release</string>
			<key>isa</key>
			<string>XCConfigurationList</string>
		</dict>
		<key>EB49E23E19266FD5008EA5DC</key>
		<dict>
			<key>fileEncoding</key>
			<string>4</string>
			<key>isa</key>
			<string>PBXFileReference</string>
			<key>lastKnownFileType</key>
			<string>sourcecode.c.objc</string>
			<key>path</key>
			<string>VENSessionIntegrationSpec.m</string>
			<key>sourceTree</key>
			<string>&lt;group&gt;</string>
		</dict>
		<key>EB49E23F19266FD5008EA5DC</key>
		<dict>
			<key>fileRef</key>
			<string>EB49E23E19266FD5008EA5DC</string>
			<key>isa</key>
			<string>PBXBuildFile</string>
		</dict>
		<key>EBC005BA1912E129009E12C0</key>
		<dict>
			<key>fileEncoding</key>
			<string>4</string>
			<key>isa</key>
			<string>PBXFileReference</string>
			<key>lastKnownFileType</key>
			<string>sourcecode.c.h</string>
			<key>path</key>
			<string>VENUser+VenmoSDK.h</string>
			<key>sourceTree</key>
			<string>&lt;group&gt;</string>
		</dict>
		<key>EBC005BB1912E129009E12C0</key>
		<dict>
			<key>fileEncoding</key>
			<string>4</string>
			<key>isa</key>
			<string>PBXFileReference</string>
			<key>lastKnownFileType</key>
			<string>sourcecode.c.objc</string>
			<key>path</key>
			<string>VENUser+VenmoSDK.m</string>
			<key>sourceTree</key>
			<string>&lt;group&gt;</string>
		</dict>
		<key>EBC005BC1912E129009E12C0</key>
		<dict>
			<key>fileRef</key>
			<string>EBC005BA1912E129009E12C0</string>
			<key>isa</key>
			<string>PBXBuildFile</string>
		</dict>
		<key>EBC005BD1912E129009E12C0</key>
		<dict>
			<key>fileRef</key>
			<string>EBC005BB1912E129009E12C0</string>
			<key>isa</key>
			<string>PBXBuildFile</string>
		</dict>
		<key>EBC4E5D5192690CD00E24E33</key>
		<dict>
			<key>fileRef</key>
			<string>B6F5046118E38C2600BDACF7</string>
			<key>isa</key>
			<string>PBXBuildFile</string>
		</dict>
		<key>EBC4E5D61926917000E24E33</key>
		<dict>
			<key>fileRef</key>
			<string>2D5EF54217EF41B100DDD15A</string>
			<key>isa</key>
			<string>PBXBuildFile</string>
		</dict>
		<key>EBC4E5D7192692E600E24E33</key>
		<dict>
			<key>fileEncoding</key>
			<string>4</string>
			<key>isa</key>
			<string>PBXFileReference</string>
			<key>lastKnownFileType</key>
			<string>sourcecode.c.objc</string>
			<key>path</key>
			<string>VenmoIntegrationSpec.m</string>
			<key>sourceTree</key>
			<string>&lt;group&gt;</string>
		</dict>
		<key>EBC4E5D8192692E600E24E33</key>
		<dict>
			<key>fileEncoding</key>
			<string>4</string>
			<key>isa</key>
			<string>PBXFileReference</string>
			<key>lastKnownFileType</key>
			<string>sourcecode.c.objc</string>
			<key>path</key>
			<string>VENSession_HTTPSpec.m</string>
			<key>sourceTree</key>
			<string>&lt;group&gt;</string>
		</dict>
		<key>EBC4E5D9192692E600E24E33</key>
		<dict>
			<key>fileRef</key>
			<string>EBC4E5D7192692E600E24E33</string>
			<key>isa</key>
			<string>PBXBuildFile</string>
		</dict>
		<key>EBC4E5DA192692E600E24E33</key>
		<dict>
			<key>fileRef</key>
			<string>EBC4E5D8192692E600E24E33</string>
			<key>isa</key>
			<string>PBXBuildFile</string>
		</dict>
		<key>EBDCA6DD1911859900FDD5ED</key>
		<dict>
			<key>fileEncoding</key>
			<string>4</string>
			<key>isa</key>
			<string>PBXFileReference</string>
			<key>lastKnownFileType</key>
			<string>sourcecode.c.objc</string>
			<key>path</key>
			<string>NSURL+VenmoSDKSpec.m</string>
			<key>sourceTree</key>
			<string>&lt;group&gt;</string>
		</dict>
		<key>EBDCA6DE1911859900FDD5ED</key>
		<dict>
			<key>fileRef</key>
			<string>EBDCA6DD1911859900FDD5ED</string>
			<key>isa</key>
			<string>PBXBuildFile</string>
		</dict>
		<key>EBEAB6A4190ACA4700BA6322</key>
		<dict>
			<key>fileEncoding</key>
			<string>4</string>
			<key>isa</key>
			<string>PBXFileReference</string>
			<key>lastKnownFileType</key>
			<string>sourcecode.c.h</string>
			<key>path</key>
			<string>VENTransaction+VenmoSDK.h</string>
			<key>sourceTree</key>
			<string>&lt;group&gt;</string>
		</dict>
		<key>EBEAB6A5190ACA4700BA6322</key>
		<dict>
			<key>fileEncoding</key>
			<string>4</string>
			<key>isa</key>
			<string>PBXFileReference</string>
			<key>lastKnownFileType</key>
			<string>sourcecode.c.objc</string>
			<key>path</key>
			<string>VENTransaction+VenmoSDK.m</string>
			<key>sourceTree</key>
			<string>&lt;group&gt;</string>
		</dict>
		<key>EBEAB6A6190ACA4700BA6322</key>
		<dict>
			<key>fileRef</key>
			<string>EBEAB6A4190ACA4700BA6322</string>
			<key>isa</key>
			<string>PBXBuildFile</string>
		</dict>
		<key>EBEAB6A7190ACA4700BA6322</key>
		<dict>
			<key>fileRef</key>
			<string>EBEAB6A5190ACA4700BA6322</string>
			<key>isa</key>
			<string>PBXBuildFile</string>
		</dict>
	</dict>
	<key>rootObject</key>
	<string>2D5EF53A17EF41B100DDD15A</string>
</dict>
</plist>
