PODS:
  - SVProgressHUD (1.0)
  - VENAppSwitchSDK (1.0.0)

DEPENDENCIES:
  - SVProgressHUD (~> 1.0)
  - VENAppSwitchSDK (from `../VENAppSwitchSDK.podspec`)

EXTERNAL SOURCES:
  VENAppSwitchSDK:
    :path: ../VENAppSwitchSDK.podspec

SPEC CHECKSUMS:
  SVProgressHUD: 5e10939a296debf5fe5a5895eda9539b8b2114f1
  VENAppSwitchSDK: 7169331ade091f7156b9b99d28e544064e797c2b

COCOAPODS: 0.29.0
