PODS:
  - SVProgressHUD (1.0)
  - VENAppSwitchSDK (1.0.0)

DEPENDENCIES:
  - SVProgressHUD (~> 1.0)
  - VENAppSwitchSDK (from `../VENAppSwitchSDK.podspec`)

EXTERNAL SOURCES:
  VENAppSwitchSDK:
    :path: ../VENAppSwitchSDK.podspec

SPEC CHECKSUMS:
  SVProgressHUD: 5e10939a296debf5fe5a5895eda9539b8b2114f1
  VENAppSwitchSDK: ee02c0bf6c80dfc97e540c4daad5c4eced0498a9

COCOAPODS: 0.32.1
